// !$*UTF8*$!
{
	archiveVersion = 1;
	classes = {
	};
	objectVersion = 46;
	objects = {

/* Begin PBXBuildFile section */
		1326E4D014D28EF20016A925 /* MessageUI.framework in Frameworks */ = {isa = PBXBuildFile; fileRef = 1326E4CF14D28EF20016A925 /* MessageUI.framework */; };
		132C464614D26F8C0040EAC7 /* UIKit.framework in Frameworks */ = {isa = PBXBuildFile; fileRef = 132C464514D26F8C0040EAC7 /* UIKit.framework */; };
		132C464814D26F8C0040EAC7 /* Foundation.framework in Frameworks */ = {isa = PBXBuildFile; fileRef = 132C464714D26F8C0040EAC7 /* Foundation.framework */; };
		132C464A14D26F8C0040EAC7 /* CoreGraphics.framework in Frameworks */ = {isa = PBXBuildFile; fileRef = 132C464914D26F8C0040EAC7 /* CoreGraphics.framework */; };
		132C465014D26F8C0040EAC7 /* InfoPlist.strings in Resources */ = {isa = PBXBuildFile; fileRef = 132C464E14D26F8C0040EAC7 /* InfoPlist.strings */; };
		132C465214D26F8C0040EAC7 /* main.m in Sources */ = {isa = PBXBuildFile; fileRef = 132C465114D26F8C0040EAC7 /* main.m */; };
		132C465614D26F8C0040EAC7 /* AppDelegate.m in Sources */ = {isa = PBXBuildFile; fileRef = 132C465514D26F8C0040EAC7 /* AppDelegate.m */; };
		132C465914D26F8D0040EAC7 /* MainStoryboard.storyboard in Resources */ = {isa = PBXBuildFile; fileRef = 132C465714D26F8D0040EAC7 /* MainStoryboard.storyboard */; };
		132C466514D26FA00040EAC7 /* CoreLocation.framework in Frameworks */ = {isa = PBXBuildFile; fileRef = 132C466414D26FA00040EAC7 /* CoreLocation.framework */; };
		132C466714D26FA50040EAC7 /* MapKit.framework in Frameworks */ = {isa = PBXBuildFile; fileRef = 132C466614D26FA50040EAC7 /* MapKit.framework */; };
		132C466C14D270ED0040EAC7 /* LogsViewController.m in Sources */ = {isa = PBXBuildFile; fileRef = 132C466B14D270ED0040EAC7 /* LogsViewController.m */; };
		132C466F14D270FA0040EAC7 /* MapViewController.m in Sources */ = {isa = PBXBuildFile; fileRef = 132C466E14D270FA0040EAC7 /* MapViewController.m */; };
		132C467214D271F30040EAC7 /* Model.xcdatamodeld in Sources */ = {isa = PBXBuildFile; fileRef = 132C467014D271F30040EAC7 /* Model.xcdatamodeld */; };
		132C46DD14D273F10040EAC7 /* Track.m in Sources */ = {isa = PBXBuildFile; fileRef = 132C46DC14D273F10040EAC7 /* Track.m */; };
		132C46E014D273F20040EAC7 /* TrackPoint.m in Sources */ = {isa = PBXBuildFile; fileRef = 132C46DF14D273F20040EAC7 /* TrackPoint.m */; };
		132C46E214D274110040EAC7 /* CoreData.framework in Frameworks */ = {isa = PBXBuildFile; fileRef = 132C46E114D274110040EAC7 /* CoreData.framework */; };
		49F38B739AFD472EAB566D32 /* libPods.a in Frameworks */ = {isa = PBXBuildFile; fileRef = 47C85175D0004CF38AF3B64F /* libPods.a */; };
		D61BDD6318D1AA2B007075CA /* GPXAuthor.m in Sources */ = {isa = PBXBuildFile; fileRef = D61BDD3618D1AA2B007075CA /* GPXAuthor.m */; };
		D61BDD6418D1AA2B007075CA /* GPXBounds.m in Sources */ = {isa = PBXBuildFile; fileRef = D61BDD3818D1AA2B007075CA /* GPXBounds.m */; };
		D61BDD6518D1AA2B007075CA /* GPXConst.m in Sources */ = {isa = PBXBuildFile; fileRef = D61BDD3A18D1AA2B007075CA /* GPXConst.m */; };
		D61BDD6618D1AA2B007075CA /* GPXCopyright.m in Sources */ = {isa = PBXBuildFile; fileRef = D61BDD3C18D1AA2B007075CA /* GPXCopyright.m */; };
		D61BDD6718D1AA2B007075CA /* GPXElement.m in Sources */ = {isa = PBXBuildFile; fileRef = D61BDD3E18D1AA2B007075CA /* GPXElement.m */; };
		D61BDD6818D1AA2B007075CA /* GPXEmail.m in Sources */ = {isa = PBXBuildFile; fileRef = D61BDD4118D1AA2B007075CA /* GPXEmail.m */; };
		D61BDD6918D1AA2B007075CA /* GPXExtensions.m in Sources */ = {isa = PBXBuildFile; fileRef = D61BDD4318D1AA2B007075CA /* GPXExtensions.m */; };
		D61BDD6A18D1AA2B007075CA /* GPXLink.m in Sources */ = {isa = PBXBuildFile; fileRef = D61BDD4518D1AA2B007075CA /* GPXLink.m */; };
		D61BDD6B18D1AA2B007075CA /* GPXMetadata.m in Sources */ = {isa = PBXBuildFile; fileRef = D61BDD4718D1AA2B007075CA /* GPXMetadata.m */; };
		D61BDD6C18D1AA2B007075CA /* GPXParser.m in Sources */ = {isa = PBXBuildFile; fileRef = D61BDD4918D1AA2B007075CA /* GPXParser.m */; };
		D61BDD6D18D1AA2B007075CA /* GPXPerson.m in Sources */ = {isa = PBXBuildFile; fileRef = D61BDD4B18D1AA2B007075CA /* GPXPerson.m */; };
		D61BDD6E18D1AA2B007075CA /* GPXPoint.m in Sources */ = {isa = PBXBuildFile; fileRef = D61BDD4D18D1AA2B007075CA /* GPXPoint.m */; };
		D61BDD6F18D1AA2B007075CA /* GPXPointSegment.m in Sources */ = {isa = PBXBuildFile; fileRef = D61BDD4F18D1AA2B007075CA /* GPXPointSegment.m */; };
		D61BDD7018D1AA2B007075CA /* GPXRoot.m in Sources */ = {isa = PBXBuildFile; fileRef = D61BDD5118D1AA2B007075CA /* GPXRoot.m */; };
		D61BDD7118D1AA2B007075CA /* GPXRoute.m in Sources */ = {isa = PBXBuildFile; fileRef = D61BDD5318D1AA2B007075CA /* GPXRoute.m */; };
		D61BDD7218D1AA2B007075CA /* GPXRoutePoint.m in Sources */ = {isa = PBXBuildFile; fileRef = D61BDD5518D1AA2B007075CA /* GPXRoutePoint.m */; };
		D61BDD7318D1AA2B007075CA /* GPXTrack.m in Sources */ = {isa = PBXBuildFile; fileRef = D61BDD5718D1AA2B007075CA /* GPXTrack.m */; };
		D61BDD7418D1AA2B007075CA /* GPXTrackPoint.m in Sources */ = {isa = PBXBuildFile; fileRef = D61BDD5918D1AA2B007075CA /* GPXTrackPoint.m */; };
		D61BDD7518D1AA2B007075CA /* GPXTrackSegment.m in Sources */ = {isa = PBXBuildFile; fileRef = D61BDD5B18D1AA2B007075CA /* GPXTrackSegment.m */; };
		D61BDD7618D1AA2B007075CA /* GPXType.m in Sources */ = {isa = PBXBuildFile; fileRef = D61BDD5D18D1AA2B007075CA /* GPXType.m */; };
		D61BDD7718D1AA2B007075CA /* GPXWaypoint.m in Sources */ = {isa = PBXBuildFile; fileRef = D61BDD5F18D1AA2B007075CA /* GPXWaypoint.m */; };
		D61BDD7818D1AA2B007075CA /* GPXXML.m in Sources */ = {isa = PBXBuildFile; fileRef = D61BDD6118D1AA2B007075CA /* GPXXML.m */; };
		D621307F18E2CA400061A10A /* Localizable.strings in Resources */ = {isa = PBXBuildFile; fileRef = D621308118E2CA400061A10A /* Localizable.strings */; };
		D62619A818EAD7970013E1C5 /* Images.xcassets in Resources */ = {isa = PBXBuildFile; fileRef = D62619A718EAD7970013E1C5 /* Images.xcassets */; };
		D6261AE118EBE7D50013E1C5 /* Security.framework in Frameworks */ = {isa = PBXBuildFile; fileRef = D6261ADF18EBE7BF0013E1C5 /* Security.framework */; };
		D6261AE318EBE8020013E1C5 /* SystemConfiguration.framework in Frameworks */ = {isa = PBXBuildFile; fileRef = D6261AE218EBE8020013E1C5 /* SystemConfiguration.framework */; };
		D6261AEE18EC183D0013E1C5 /* checkmark.png in Resources */ = {isa = PBXBuildFile; fileRef = D6261AEA18EC183D0013E1C5 /* checkmark.png */; };
		D6261AEF18EC183D0013E1C5 /* checkmark@2x.png in Resources */ = {isa = PBXBuildFile; fileRef = D6261AEB18EC183D0013E1C5 /* checkmark@2x.png */; };
		D6261AF018EC183D0013E1C5 /* x.png in Resources */ = {isa = PBXBuildFile; fileRef = D6261AEC18EC183D0013E1C5 /* x.png */; };
		D6261AF118EC183D0013E1C5 /* x@2x.png in Resources */ = {isa = PBXBuildFile; fileRef = D6261AED18EC183D0013E1C5 /* x@2x.png */; };
		D62AE1381909F7AC0031D90E /* LogTabBarController.m in Sources */ = {isa = PBXBuildFile; fileRef = D62AE1371909F7AC0031D90E /* LogTabBarController.m */; };
		D62AE13B190A08920031D90E /* DetailViewController.m in Sources */ = {isa = PBXBuildFile; fileRef = D62AE13A190A08920031D90E /* DetailViewController.m */; };
		D62AE144190A402A0031D90E /* detail.png in Resources */ = {isa = PBXBuildFile; fileRef = D62AE140190A402A0031D90E /* detail.png */; };
		D62AE145190A402A0031D90E /* detail@2x.png in Resources */ = {isa = PBXBuildFile; fileRef = D62AE141190A402A0031D90E /* detail@2x.png */; };
		D62AE146190A402A0031D90E /* map.png in Resources */ = {isa = PBXBuildFile; fileRef = D62AE142190A402A0031D90E /* map.png */; };
		D62AE147190A402A0031D90E /* map@2x.png in Resources */ = {isa = PBXBuildFile; fileRef = D62AE143190A402A0031D90E /* map@2x.png */; };
		D62DCD4C1918B342006FF205 /* MobileCoreServices.framework in Frameworks */ = {isa = PBXBuildFile; fileRef = D62DCD4B1918B342006FF205 /* MobileCoreServices.framework */; };
		D62DCD4E1918BD11006FF205 /* libsqlite3.dylib in Frameworks */ = {isa = PBXBuildFile; fileRef = D62DCD4D1918BD11006FF205 /* libsqlite3.dylib */; };
		D62DCD501918BD34006FF205 /* libz.dylib in Frameworks */ = {isa = PBXBuildFile; fileRef = D62DCD4F1918BD34006FF205 /* libz.dylib */; };
		D62DCD521918BED1006FF205 /* libProj4.a in Frameworks */ = {isa = PBXBuildFile; fileRef = D62DCD511918BED1006FF205 /* libProj4.a */; };
		D66992DD19235AF50046F95A /* PhotoViewController.m in Sources */ = {isa = PBXBuildFile; fileRef = D66992DC19235AF50046F95A /* PhotoViewController.m */; };
/* End PBXBuildFile section */

/* Begin PBXFileReference section */
		1326E4CF14D28EF20016A925 /* MessageUI.framework */ = {isa = PBXFileReference; lastKnownFileType = wrapper.framework; name = MessageUI.framework; path = System/Library/Frameworks/MessageUI.framework; sourceTree = SDKROOT; };
		132C464114D26F8C0040EAC7 /* GPSLogger.app */ = {isa = PBXFileReference; explicitFileType = wrapper.application; includeInIndex = 0; path = GPSLogger.app; sourceTree = BUILT_PRODUCTS_DIR; };
		132C464514D26F8C0040EAC7 /* UIKit.framework */ = {isa = PBXFileReference; lastKnownFileType = wrapper.framework; name = UIKit.framework; path = System/Library/Frameworks/UIKit.framework; sourceTree = SDKROOT; };
		132C464714D26F8C0040EAC7 /* Foundation.framework */ = {isa = PBXFileReference; lastKnownFileType = wrapper.framework; name = Foundation.framework; path = System/Library/Frameworks/Foundation.framework; sourceTree = SDKROOT; };
		132C464914D26F8C0040EAC7 /* CoreGraphics.framework */ = {isa = PBXFileReference; lastKnownFileType = wrapper.framework; name = CoreGraphics.framework; path = System/Library/Frameworks/CoreGraphics.framework; sourceTree = SDKROOT; };
		132C464D14D26F8C0040EAC7 /* GPSLogger-Info.plist */ = {isa = PBXFileReference; lastKnownFileType = text.plist.xml; path = "GPSLogger-Info.plist"; sourceTree = "<group>"; };
		132C464F14D26F8C0040EAC7 /* en */ = {isa = PBXFileReference; lastKnownFileType = text.plist.strings; name = en; path = en.lproj/InfoPlist.strings; sourceTree = "<group>"; };
		132C465114D26F8C0040EAC7 /* main.m */ = {isa = PBXFileReference; lastKnownFileType = sourcecode.c.objc; path = main.m; sourceTree = "<group>"; };
		132C465314D26F8C0040EAC7 /* GPSLogger-Prefix.pch */ = {isa = PBXFileReference; lastKnownFileType = sourcecode.c.h; path = "GPSLogger-Prefix.pch"; sourceTree = "<group>"; };
		132C465414D26F8C0040EAC7 /* AppDelegate.h */ = {isa = PBXFileReference; lastKnownFileType = sourcecode.c.h; path = AppDelegate.h; sourceTree = "<group>"; };
		132C465514D26F8C0040EAC7 /* AppDelegate.m */ = {isa = PBXFileReference; lastKnownFileType = sourcecode.c.objc; path = AppDelegate.m; sourceTree = "<group>"; };
		132C465814D26F8D0040EAC7 /* en */ = {isa = PBXFileReference; lastKnownFileType = file.storyboard; name = en; path = en.lproj/MainStoryboard.storyboard; sourceTree = "<group>"; };
		132C466414D26FA00040EAC7 /* CoreLocation.framework */ = {isa = PBXFileReference; lastKnownFileType = wrapper.framework; name = CoreLocation.framework; path = System/Library/Frameworks/CoreLocation.framework; sourceTree = SDKROOT; };
		132C466614D26FA50040EAC7 /* MapKit.framework */ = {isa = PBXFileReference; lastKnownFileType = wrapper.framework; name = MapKit.framework; path = System/Library/Frameworks/MapKit.framework; sourceTree = SDKROOT; };
		132C466A14D270ED0040EAC7 /* LogsViewController.h */ = {isa = PBXFileReference; fileEncoding = 4; lastKnownFileType = sourcecode.c.h; path = LogsViewController.h; sourceTree = "<group>"; };
		132C466B14D270ED0040EAC7 /* LogsViewController.m */ = {isa = PBXFileReference; fileEncoding = 4; lastKnownFileType = sourcecode.c.objc; path = LogsViewController.m; sourceTree = "<group>"; };
		132C466D14D270FA0040EAC7 /* MapViewController.h */ = {isa = PBXFileReference; fileEncoding = 4; lastKnownFileType = sourcecode.c.h; path = MapViewController.h; sourceTree = "<group>"; };
		132C466E14D270FA0040EAC7 /* MapViewController.m */ = {isa = PBXFileReference; fileEncoding = 4; lastKnownFileType = sourcecode.c.objc; path = MapViewController.m; sourceTree = "<group>"; };
		132C467114D271F30040EAC7 /* Model.xcdatamodel */ = {isa = PBXFileReference; lastKnownFileType = wrapper.xcdatamodel; path = Model.xcdatamodel; sourceTree = "<group>"; };
		132C46DB14D273F10040EAC7 /* Track.h */ = {isa = PBXFileReference; fileEncoding = 4; lastKnownFileType = sourcecode.c.h; path = Track.h; sourceTree = "<group>"; };
		132C46DC14D273F10040EAC7 /* Track.m */ = {isa = PBXFileReference; fileEncoding = 4; lastKnownFileType = sourcecode.c.objc; path = Track.m; sourceTree = "<group>"; };
		132C46DE14D273F20040EAC7 /* TrackPoint.h */ = {isa = PBXFileReference; fileEncoding = 4; lastKnownFileType = sourcecode.c.h; path = TrackPoint.h; sourceTree = "<group>"; };
		132C46DF14D273F20040EAC7 /* TrackPoint.m */ = {isa = PBXFileReference; fileEncoding = 4; lastKnownFileType = sourcecode.c.objc; path = TrackPoint.m; sourceTree = "<group>"; };
		132C46E114D274110040EAC7 /* CoreData.framework */ = {isa = PBXFileReference; lastKnownFileType = wrapper.framework; name = CoreData.framework; path = System/Library/Frameworks/CoreData.framework; sourceTree = SDKROOT; };
		47C85175D0004CF38AF3B64F /* libPods.a */ = {isa = PBXFileReference; explicitFileType = archive.ar; includeInIndex = 0; path = libPods.a; sourceTree = BUILT_PRODUCTS_DIR; };
		9C84C8BFCB6343869A3D38AA /* Pods.xcconfig */ = {isa = PBXFileReference; includeInIndex = 1; lastKnownFileType = text.xcconfig; name = Pods.xcconfig; path = Pods/Pods.xcconfig; sourceTree = "<group>"; };
		D61BDD3418D1AA2B007075CA /* GPX.h */ = {isa = PBXFileReference; fileEncoding = 4; lastKnownFileType = sourcecode.c.h; path = GPX.h; sourceTree = "<group>"; };
		D61BDD3518D1AA2B007075CA /* GPXAuthor.h */ = {isa = PBXFileReference; fileEncoding = 4; lastKnownFileType = sourcecode.c.h; path = GPXAuthor.h; sourceTree = "<group>"; };
		D61BDD3618D1AA2B007075CA /* GPXAuthor.m */ = {isa = PBXFileReference; fileEncoding = 4; lastKnownFileType = sourcecode.c.objc; path = GPXAuthor.m; sourceTree = "<group>"; };
		D61BDD3718D1AA2B007075CA /* GPXBounds.h */ = {isa = PBXFileReference; fileEncoding = 4; lastKnownFileType = sourcecode.c.h; path = GPXBounds.h; sourceTree = "<group>"; };
		D61BDD3818D1AA2B007075CA /* GPXBounds.m */ = {isa = PBXFileReference; fileEncoding = 4; lastKnownFileType = sourcecode.c.objc; path = GPXBounds.m; sourceTree = "<group>"; };
		D61BDD3918D1AA2B007075CA /* GPXConst.h */ = {isa = PBXFileReference; fileEncoding = 4; lastKnownFileType = sourcecode.c.h; path = GPXConst.h; sourceTree = "<group>"; };
		D61BDD3A18D1AA2B007075CA /* GPXConst.m */ = {isa = PBXFileReference; fileEncoding = 4; lastKnownFileType = sourcecode.c.objc; path = GPXConst.m; sourceTree = "<group>"; };
		D61BDD3B18D1AA2B007075CA /* GPXCopyright.h */ = {isa = PBXFileReference; fileEncoding = 4; lastKnownFileType = sourcecode.c.h; path = GPXCopyright.h; sourceTree = "<group>"; };
		D61BDD3C18D1AA2B007075CA /* GPXCopyright.m */ = {isa = PBXFileReference; fileEncoding = 4; lastKnownFileType = sourcecode.c.objc; path = GPXCopyright.m; sourceTree = "<group>"; };
		D61BDD3D18D1AA2B007075CA /* GPXElement.h */ = {isa = PBXFileReference; fileEncoding = 4; lastKnownFileType = sourcecode.c.h; path = GPXElement.h; sourceTree = "<group>"; };
		D61BDD3E18D1AA2B007075CA /* GPXElement.m */ = {isa = PBXFileReference; fileEncoding = 4; lastKnownFileType = sourcecode.c.objc; path = GPXElement.m; sourceTree = "<group>"; };
		D61BDD3F18D1AA2B007075CA /* GPXElementSubclass.h */ = {isa = PBXFileReference; fileEncoding = 4; lastKnownFileType = sourcecode.c.h; path = GPXElementSubclass.h; sourceTree = "<group>"; };
		D61BDD4018D1AA2B007075CA /* GPXEmail.h */ = {isa = PBXFileReference; fileEncoding = 4; lastKnownFileType = sourcecode.c.h; path = GPXEmail.h; sourceTree = "<group>"; };
		D61BDD4118D1AA2B007075CA /* GPXEmail.m */ = {isa = PBXFileReference; fileEncoding = 4; lastKnownFileType = sourcecode.c.objc; path = GPXEmail.m; sourceTree = "<group>"; };
		D61BDD4218D1AA2B007075CA /* GPXExtensions.h */ = {isa = PBXFileReference; fileEncoding = 4; lastKnownFileType = sourcecode.c.h; path = GPXExtensions.h; sourceTree = "<group>"; };
		D61BDD4318D1AA2B007075CA /* GPXExtensions.m */ = {isa = PBXFileReference; fileEncoding = 4; lastKnownFileType = sourcecode.c.objc; path = GPXExtensions.m; sourceTree = "<group>"; };
		D61BDD4418D1AA2B007075CA /* GPXLink.h */ = {isa = PBXFileReference; fileEncoding = 4; lastKnownFileType = sourcecode.c.h; path = GPXLink.h; sourceTree = "<group>"; };
		D61BDD4518D1AA2B007075CA /* GPXLink.m */ = {isa = PBXFileReference; fileEncoding = 4; lastKnownFileType = sourcecode.c.objc; path = GPXLink.m; sourceTree = "<group>"; };
		D61BDD4618D1AA2B007075CA /* GPXMetadata.h */ = {isa = PBXFileReference; fileEncoding = 4; lastKnownFileType = sourcecode.c.h; path = GPXMetadata.h; sourceTree = "<group>"; };
		D61BDD4718D1AA2B007075CA /* GPXMetadata.m */ = {isa = PBXFileReference; fileEncoding = 4; lastKnownFileType = sourcecode.c.objc; path = GPXMetadata.m; sourceTree = "<group>"; };
		D61BDD4818D1AA2B007075CA /* GPXParser.h */ = {isa = PBXFileReference; fileEncoding = 4; lastKnownFileType = sourcecode.c.h; path = GPXParser.h; sourceTree = "<group>"; };
		D61BDD4918D1AA2B007075CA /* GPXParser.m */ = {isa = PBXFileReference; fileEncoding = 4; lastKnownFileType = sourcecode.c.objc; path = GPXParser.m; sourceTree = "<group>"; };
		D61BDD4A18D1AA2B007075CA /* GPXPerson.h */ = {isa = PBXFileReference; fileEncoding = 4; lastKnownFileType = sourcecode.c.h; path = GPXPerson.h; sourceTree = "<group>"; };
		D61BDD4B18D1AA2B007075CA /* GPXPerson.m */ = {isa = PBXFileReference; fileEncoding = 4; lastKnownFileType = sourcecode.c.objc; path = GPXPerson.m; sourceTree = "<group>"; };
		D61BDD4C18D1AA2B007075CA /* GPXPoint.h */ = {isa = PBXFileReference; fileEncoding = 4; lastKnownFileType = sourcecode.c.h; path = GPXPoint.h; sourceTree = "<group>"; };
		D61BDD4D18D1AA2B007075CA /* GPXPoint.m */ = {isa = PBXFileReference; fileEncoding = 4; lastKnownFileType = sourcecode.c.objc; path = GPXPoint.m; sourceTree = "<group>"; };
		D61BDD4E18D1AA2B007075CA /* GPXPointSegment.h */ = {isa = PBXFileReference; fileEncoding = 4; lastKnownFileType = sourcecode.c.h; path = GPXPointSegment.h; sourceTree = "<group>"; };
		D61BDD4F18D1AA2B007075CA /* GPXPointSegment.m */ = {isa = PBXFileReference; fileEncoding = 4; lastKnownFileType = sourcecode.c.objc; path = GPXPointSegment.m; sourceTree = "<group>"; };
		D61BDD5018D1AA2B007075CA /* GPXRoot.h */ = {isa = PBXFileReference; fileEncoding = 4; lastKnownFileType = sourcecode.c.h; path = GPXRoot.h; sourceTree = "<group>"; };
		D61BDD5118D1AA2B007075CA /* GPXRoot.m */ = {isa = PBXFileReference; fileEncoding = 4; lastKnownFileType = sourcecode.c.objc; path = GPXRoot.m; sourceTree = "<group>"; };
		D61BDD5218D1AA2B007075CA /* GPXRoute.h */ = {isa = PBXFileReference; fileEncoding = 4; lastKnownFileType = sourcecode.c.h; path = GPXRoute.h; sourceTree = "<group>"; };
		D61BDD5318D1AA2B007075CA /* GPXRoute.m */ = {isa = PBXFileReference; fileEncoding = 4; lastKnownFileType = sourcecode.c.objc; path = GPXRoute.m; sourceTree = "<group>"; };
		D61BDD5418D1AA2B007075CA /* GPXRoutePoint.h */ = {isa = PBXFileReference; fileEncoding = 4; lastKnownFileType = sourcecode.c.h; path = GPXRoutePoint.h; sourceTree = "<group>"; };
		D61BDD5518D1AA2B007075CA /* GPXRoutePoint.m */ = {isa = PBXFileReference; fileEncoding = 4; lastKnownFileType = sourcecode.c.objc; path = GPXRoutePoint.m; sourceTree = "<group>"; };
		D61BDD5618D1AA2B007075CA /* GPXTrack.h */ = {isa = PBXFileReference; fileEncoding = 4; lastKnownFileType = sourcecode.c.h; path = GPXTrack.h; sourceTree = "<group>"; };
		D61BDD5718D1AA2B007075CA /* GPXTrack.m */ = {isa = PBXFileReference; fileEncoding = 4; lastKnownFileType = sourcecode.c.objc; path = GPXTrack.m; sourceTree = "<group>"; };
		D61BDD5818D1AA2B007075CA /* GPXTrackPoint.h */ = {isa = PBXFileReference; fileEncoding = 4; lastKnownFileType = sourcecode.c.h; path = GPXTrackPoint.h; sourceTree = "<group>"; };
		D61BDD5918D1AA2B007075CA /* GPXTrackPoint.m */ = {isa = PBXFileReference; fileEncoding = 4; lastKnownFileType = sourcecode.c.objc; path = GPXTrackPoint.m; sourceTree = "<group>"; };
		D61BDD5A18D1AA2B007075CA /* GPXTrackSegment.h */ = {isa = PBXFileReference; fileEncoding = 4; lastKnownFileType = sourcecode.c.h; path = GPXTrackSegment.h; sourceTree = "<group>"; };
		D61BDD5B18D1AA2B007075CA /* GPXTrackSegment.m */ = {isa = PBXFileReference; fileEncoding = 4; lastKnownFileType = sourcecode.c.objc; path = GPXTrackSegment.m; sourceTree = "<group>"; };
		D61BDD5C18D1AA2B007075CA /* GPXType.h */ = {isa = PBXFileReference; fileEncoding = 4; lastKnownFileType = sourcecode.c.h; path = GPXType.h; sourceTree = "<group>"; };
		D61BDD5D18D1AA2B007075CA /* GPXType.m */ = {isa = PBXFileReference; fileEncoding = 4; lastKnownFileType = sourcecode.c.objc; path = GPXType.m; sourceTree = "<group>"; };
		D61BDD5E18D1AA2B007075CA /* GPXWaypoint.h */ = {isa = PBXFileReference; fileEncoding = 4; lastKnownFileType = sourcecode.c.h; path = GPXWaypoint.h; sourceTree = "<group>"; };
		D61BDD5F18D1AA2B007075CA /* GPXWaypoint.m */ = {isa = PBXFileReference; fileEncoding = 4; lastKnownFileType = sourcecode.c.objc; path = GPXWaypoint.m; sourceTree = "<group>"; };
		D61BDD6018D1AA2B007075CA /* GPXXML.h */ = {isa = PBXFileReference; fileEncoding = 4; lastKnownFileType = sourcecode.c.h; path = GPXXML.h; sourceTree = "<group>"; };
		D61BDD6118D1AA2B007075CA /* GPXXML.m */ = {isa = PBXFileReference; fileEncoding = 4; lastKnownFileType = sourcecode.c.objc; path = GPXXML.m; sourceTree = "<group>"; };
		D621308018E2CA400061A10A /* en */ = {isa = PBXFileReference; lastKnownFileType = text.plist.strings; name = en; path = en.lproj/Localizable.strings; sourceTree = "<group>"; };
		D621308318E2CE7D0061A10A /* zh-Hans */ = {isa = PBXFileReference; lastKnownFileType = text.plist.strings; name = "zh-Hans"; path = "zh-Hans.lproj/InfoPlist.strings"; sourceTree = "<group>"; };
		D621308418E2CE7D0061A10A /* zh-Hans */ = {isa = PBXFileReference; lastKnownFileType = text.plist.strings; name = "zh-Hans"; path = "zh-Hans.lproj/Localizable.strings"; sourceTree = "<group>"; };
		D62619A718EAD7970013E1C5 /* Images.xcassets */ = {isa = PBXFileReference; lastKnownFileType = folder.assetcatalog; path = Images.xcassets; sourceTree = "<group>"; };
		D6261ADF18EBE7BF0013E1C5 /* Security.framework */ = {isa = PBXFileReference; lastKnownFileType = wrapper.framework; name = Security.framework; path = System/Library/Frameworks/Security.framework; sourceTree = SDKROOT; };
		D6261AE218EBE8020013E1C5 /* SystemConfiguration.framework */ = {isa = PBXFileReference; lastKnownFileType = wrapper.framework; name = SystemConfiguration.framework; path = System/Library/Frameworks/SystemConfiguration.framework; sourceTree = SDKROOT; };
		D6261AEA18EC183D0013E1C5 /* checkmark.png */ = {isa = PBXFileReference; lastKnownFileType = image.png; path = checkmark.png; sourceTree = "<group>"; };
		D6261AEB18EC183D0013E1C5 /* checkmark@2x.png */ = {isa = PBXFileReference; lastKnownFileType = image.png; path = "checkmark@2x.png"; sourceTree = "<group>"; };
		D6261AEC18EC183D0013E1C5 /* x.png */ = {isa = PBXFileReference; lastKnownFileType = image.png; path = x.png; sourceTree = "<group>"; };
		D6261AED18EC183D0013E1C5 /* x@2x.png */ = {isa = PBXFileReference; lastKnownFileType = image.png; path = "x@2x.png"; sourceTree = "<group>"; };
		D62AE1361909F7AC0031D90E /* LogTabBarController.h */ = {isa = PBXFileReference; fileEncoding = 4; lastKnownFileType = sourcecode.c.h; path = LogTabBarController.h; sourceTree = "<group>"; };
		D62AE1371909F7AC0031D90E /* LogTabBarController.m */ = {isa = PBXFileReference; fileEncoding = 4; lastKnownFileType = sourcecode.c.objc; path = LogTabBarController.m; sourceTree = "<group>"; };
		D62AE139190A08920031D90E /* DetailViewController.h */ = {isa = PBXFileReference; fileEncoding = 4; lastKnownFileType = sourcecode.c.h; path = DetailViewController.h; sourceTree = "<group>"; };
		D62AE13A190A08920031D90E /* DetailViewController.m */ = {isa = PBXFileReference; fileEncoding = 4; lastKnownFileType = sourcecode.c.objc; path = DetailViewController.m; sourceTree = "<group>"; };
		D62AE140190A402A0031D90E /* detail.png */ = {isa = PBXFileReference; lastKnownFileType = image.png; path = detail.png; sourceTree = "<group>"; };
		D62AE141190A402A0031D90E /* detail@2x.png */ = {isa = PBXFileReference; lastKnownFileType = image.png; path = "detail@2x.png"; sourceTree = "<group>"; };
		D62AE142190A402A0031D90E /* map.png */ = {isa = PBXFileReference; lastKnownFileType = image.png; path = map.png; sourceTree = "<group>"; };
		D62AE143190A402A0031D90E /* map@2x.png */ = {isa = PBXFileReference; lastKnownFileType = image.png; path = "map@2x.png"; sourceTree = "<group>"; };
		D62AE148190A43E60031D90E /* zh-Hans */ = {isa = PBXFileReference; lastKnownFileType = file.storyboard; name = "zh-Hans"; path = "zh-Hans.lproj/MainStoryboard.storyboard"; sourceTree = "<group>"; };
		D62DCD4B1918B342006FF205 /* MobileCoreServices.framework */ = {isa = PBXFileReference; lastKnownFileType = wrapper.framework; name = MobileCoreServices.framework; path = System/Library/Frameworks/MobileCoreServices.framework; sourceTree = SDKROOT; };
		D62DCD4D1918BD11006FF205 /* libsqlite3.dylib */ = {isa = PBXFileReference; lastKnownFileType = "compiled.mach-o.dylib"; name = libsqlite3.dylib; path = usr/lib/libsqlite3.dylib; sourceTree = SDKROOT; };
		D62DCD4F1918BD34006FF205 /* libz.dylib */ = {isa = PBXFileReference; lastKnownFileType = "compiled.mach-o.dylib"; name = libz.dylib; path = usr/lib/libz.dylib; sourceTree = SDKROOT; };
		D62DCD511918BED1006FF205 /* libProj4.a */ = {isa = PBXFileReference; lastKnownFileType = archive.ar; name = libProj4.a; path = Pods/MapBox/Proj4/libProj4.a; sourceTree = "<group>"; };
		D66992DB19235AF50046F95A /* PhotoViewController.h */ = {isa = PBXFileReference; fileEncoding = 4; lastKnownFileType = sourcecode.c.h; path = PhotoViewController.h; sourceTree = "<group>"; };
		D66992DC19235AF50046F95A /* PhotoViewController.m */ = {isa = PBXFileReference; fileEncoding = 4; lastKnownFileType = sourcecode.c.objc; path = PhotoViewController.m; sourceTree = "<group>"; };
		D6D6DE8419628759004DA8C4 /* ro-RO */ = {isa = PBXFileReference; lastKnownFileType = file.storyboard; name = "ro-RO"; path = "ro-RO.lproj/MainStoryboard.storyboard"; sourceTree = "<group>"; };
		D6D6DE851962875A004DA8C4 /* ro-RO */ = {isa = PBXFileReference; lastKnownFileType = text.plist.strings; name = "ro-RO"; path = "ro-RO.lproj/InfoPlist.strings"; sourceTree = "<group>"; };
		D6D6DE861962875A004DA8C4 /* ro-RO */ = {isa = PBXFileReference; lastKnownFileType = text.plist.strings; name = "ro-RO"; path = "ro-RO.lproj/Localizable.strings"; sourceTree = "<group>"; };
		D6D6DE8719628763004DA8C4 /* de */ = {isa = PBXFileReference; lastKnownFileType = file.storyboard; name = de; path = de.lproj/MainStoryboard.storyboard; sourceTree = "<group>"; };
		D6D6DE8819628763004DA8C4 /* de */ = {isa = PBXFileReference; lastKnownFileType = text.plist.strings; name = de; path = de.lproj/InfoPlist.strings; sourceTree = "<group>"; };
		D6D6DE8919628763004DA8C4 /* de */ = {isa = PBXFileReference; lastKnownFileType = text.plist.strings; name = de; path = de.lproj/Localizable.strings; sourceTree = "<group>"; };
/* End PBXFileReference section */

/* Begin PBXFrameworksBuildPhase section */
		132C463E14D26F8C0040EAC7 /* Frameworks */ = {
			isa = PBXFrameworksBuildPhase;
			buildActionMask = 2147483647;
			files = (
				D62DCD521918BED1006FF205 /* libProj4.a in Frameworks */,
				D62DCD501918BD34006FF205 /* libz.dylib in Frameworks */,
				D62DCD4E1918BD11006FF205 /* libsqlite3.dylib in Frameworks */,
				D62DCD4C1918B342006FF205 /* MobileCoreServices.framework in Frameworks */,
				D6261AE318EBE8020013E1C5 /* SystemConfiguration.framework in Frameworks */,
				D6261AE118EBE7D50013E1C5 /* Security.framework in Frameworks */,
				1326E4D014D28EF20016A925 /* MessageUI.framework in Frameworks */,
				132C46E214D274110040EAC7 /* CoreData.framework in Frameworks */,
				132C466714D26FA50040EAC7 /* MapKit.framework in Frameworks */,
				132C466514D26FA00040EAC7 /* CoreLocation.framework in Frameworks */,
				132C464614D26F8C0040EAC7 /* UIKit.framework in Frameworks */,
				132C464814D26F8C0040EAC7 /* Foundation.framework in Frameworks */,
				132C464A14D26F8C0040EAC7 /* CoreGraphics.framework in Frameworks */,
				49F38B739AFD472EAB566D32 /* libPods.a in Frameworks */,
			);
			runOnlyForDeploymentPostprocessing = 0;
		};
/* End PBXFrameworksBuildPhase section */

/* Begin PBXGroup section */
		132C463614D26F8C0040EAC7 = {
			isa = PBXGroup;
			children = (
				132C464B14D26F8C0040EAC7 /* GPSLogger */,
				132C464414D26F8C0040EAC7 /* Frameworks */,
				132C464214D26F8C0040EAC7 /* Products */,
				9C84C8BFCB6343869A3D38AA /* Pods.xcconfig */,
			);
			sourceTree = "<group>";
		};
		132C464214D26F8C0040EAC7 /* Products */ = {
			isa = PBXGroup;
			children = (
				132C464114D26F8C0040EAC7 /* GPSLogger.app */,
			);
			name = Products;
			sourceTree = "<group>";
		};
		132C464414D26F8C0040EAC7 /* Frameworks */ = {
			isa = PBXGroup;
			children = (
				D62DCD511918BED1006FF205 /* libProj4.a */,
				D62DCD4F1918BD34006FF205 /* libz.dylib */,
				D62DCD4D1918BD11006FF205 /* libsqlite3.dylib */,
				D62DCD4B1918B342006FF205 /* MobileCoreServices.framework */,
				D6261AE218EBE8020013E1C5 /* SystemConfiguration.framework */,
				D6261ADF18EBE7BF0013E1C5 /* Security.framework */,
				1326E4CF14D28EF20016A925 /* MessageUI.framework */,
				132C46E114D274110040EAC7 /* CoreData.framework */,
				132C466614D26FA50040EAC7 /* MapKit.framework */,
				132C466414D26FA00040EAC7 /* CoreLocation.framework */,
				132C464514D26F8C0040EAC7 /* UIKit.framework */,
				132C464714D26F8C0040EAC7 /* Foundation.framework */,
				132C464914D26F8C0040EAC7 /* CoreGraphics.framework */,
				47C85175D0004CF38AF3B64F /* libPods.a */,
			);
			name = Frameworks;
			sourceTree = "<group>";
		};
		132C464B14D26F8C0040EAC7 /* GPSLogger */ = {
			isa = PBXGroup;
			children = (
				132C465714D26F8D0040EAC7 /* MainStoryboard.storyboard */,
				D61BDD3318D1AA2B007075CA /* GPX */,
				132C467314D272000040EAC7 /* Model */,
				132C466814D26FB20040EAC7 /* App Delegate */,
				132C466914D26FBE0040EAC7 /* Controller */,
				D62619A718EAD7970013E1C5 /* Images.xcassets */,
				132C464C14D26F8C0040EAC7 /* Supporting Files */,
			);
			path = GPSLogger;
			sourceTree = "<group>";
		};
		132C464C14D26F8C0040EAC7 /* Supporting Files */ = {
			isa = PBXGroup;
			children = (
				D6261AE918EC183D0013E1C5 /* Images */,
				132C464D14D26F8C0040EAC7 /* GPSLogger-Info.plist */,
				132C464E14D26F8C0040EAC7 /* InfoPlist.strings */,
				132C465114D26F8C0040EAC7 /* main.m */,
				132C465314D26F8C0040EAC7 /* GPSLogger-Prefix.pch */,
				D621308118E2CA400061A10A /* Localizable.strings */,
			);
			name = "Supporting Files";
			sourceTree = "<group>";
		};
		132C466814D26FB20040EAC7 /* App Delegate */ = {
			isa = PBXGroup;
			children = (
				132C465414D26F8C0040EAC7 /* AppDelegate.h */,
				132C465514D26F8C0040EAC7 /* AppDelegate.m */,
			);
			name = "App Delegate";
			sourceTree = "<group>";
		};
		132C466914D26FBE0040EAC7 /* Controller */ = {
			isa = PBXGroup;
			children = (
				D62AE1361909F7AC0031D90E /* LogTabBarController.h */,
				D62AE1371909F7AC0031D90E /* LogTabBarController.m */,
				132C466A14D270ED0040EAC7 /* LogsViewController.h */,
				132C466B14D270ED0040EAC7 /* LogsViewController.m */,
				132C466D14D270FA0040EAC7 /* MapViewController.h */,
				132C466E14D270FA0040EAC7 /* MapViewController.m */,
				D62AE139190A08920031D90E /* DetailViewController.h */,
				D62AE13A190A08920031D90E /* DetailViewController.m */,
				D66992DB19235AF50046F95A /* PhotoViewController.h */,
				D66992DC19235AF50046F95A /* PhotoViewController.m */,
			);
			name = Controller;
			sourceTree = "<group>";
		};
		132C467314D272000040EAC7 /* Model */ = {
			isa = PBXGroup;
			children = (
				132C467014D271F30040EAC7 /* Model.xcdatamodeld */,
				132C46DB14D273F10040EAC7 /* Track.h */,
				132C46DC14D273F10040EAC7 /* Track.m */,
				132C46DE14D273F20040EAC7 /* TrackPoint.h */,
				132C46DF14D273F20040EAC7 /* TrackPoint.m */,
			);
			name = Model;
			sourceTree = "<group>";
		};
		D61BDD3318D1AA2B007075CA /* GPX */ = {
			isa = PBXGroup;
			children = (
				D61BDD3418D1AA2B007075CA /* GPX.h */,
				D61BDD3518D1AA2B007075CA /* GPXAuthor.h */,
				D61BDD3618D1AA2B007075CA /* GPXAuthor.m */,
				D61BDD3718D1AA2B007075CA /* GPXBounds.h */,
				D61BDD3818D1AA2B007075CA /* GPXBounds.m */,
				D61BDD3918D1AA2B007075CA /* GPXConst.h */,
				D61BDD3A18D1AA2B007075CA /* GPXConst.m */,
				D61BDD3B18D1AA2B007075CA /* GPXCopyright.h */,
				D61BDD3C18D1AA2B007075CA /* GPXCopyright.m */,
				D61BDD3D18D1AA2B007075CA /* GPXElement.h */,
				D61BDD3E18D1AA2B007075CA /* GPXElement.m */,
				D61BDD3F18D1AA2B007075CA /* GPXElementSubclass.h */,
				D61BDD4018D1AA2B007075CA /* GPXEmail.h */,
				D61BDD4118D1AA2B007075CA /* GPXEmail.m */,
				D61BDD4218D1AA2B007075CA /* GPXExtensions.h */,
				D61BDD4318D1AA2B007075CA /* GPXExtensions.m */,
				D61BDD4418D1AA2B007075CA /* GPXLink.h */,
				D61BDD4518D1AA2B007075CA /* GPXLink.m */,
				D61BDD4618D1AA2B007075CA /* GPXMetadata.h */,
				D61BDD4718D1AA2B007075CA /* GPXMetadata.m */,
				D61BDD4818D1AA2B007075CA /* GPXParser.h */,
				D61BDD4918D1AA2B007075CA /* GPXParser.m */,
				D61BDD4A18D1AA2B007075CA /* GPXPerson.h */,
				D61BDD4B18D1AA2B007075CA /* GPXPerson.m */,
				D61BDD4C18D1AA2B007075CA /* GPXPoint.h */,
				D61BDD4D18D1AA2B007075CA /* GPXPoint.m */,
				D61BDD4E18D1AA2B007075CA /* GPXPointSegment.h */,
				D61BDD4F18D1AA2B007075CA /* GPXPointSegment.m */,
				D61BDD5018D1AA2B007075CA /* GPXRoot.h */,
				D61BDD5118D1AA2B007075CA /* GPXRoot.m */,
				D61BDD5218D1AA2B007075CA /* GPXRoute.h */,
				D61BDD5318D1AA2B007075CA /* GPXRoute.m */,
				D61BDD5418D1AA2B007075CA /* GPXRoutePoint.h */,
				D61BDD5518D1AA2B007075CA /* GPXRoutePoint.m */,
				D61BDD5618D1AA2B007075CA /* GPXTrack.h */,
				D61BDD5718D1AA2B007075CA /* GPXTrack.m */,
				D61BDD5818D1AA2B007075CA /* GPXTrackPoint.h */,
				D61BDD5918D1AA2B007075CA /* GPXTrackPoint.m */,
				D61BDD5A18D1AA2B007075CA /* GPXTrackSegment.h */,
				D61BDD5B18D1AA2B007075CA /* GPXTrackSegment.m */,
				D61BDD5C18D1AA2B007075CA /* GPXType.h */,
				D61BDD5D18D1AA2B007075CA /* GPXType.m */,
				D61BDD5E18D1AA2B007075CA /* GPXWaypoint.h */,
				D61BDD5F18D1AA2B007075CA /* GPXWaypoint.m */,
				D61BDD6018D1AA2B007075CA /* GPXXML.h */,
				D61BDD6118D1AA2B007075CA /* GPXXML.m */,
			);
			path = GPX;
			sourceTree = "<group>";
		};
		D6261AE918EC183D0013E1C5 /* Images */ = {
			isa = PBXGroup;
			children = (
				D62AE140190A402A0031D90E /* detail.png */,
				D62AE141190A402A0031D90E /* detail@2x.png */,
				D62AE142190A402A0031D90E /* map.png */,
				D62AE143190A402A0031D90E /* map@2x.png */,
				D6261AEA18EC183D0013E1C5 /* checkmark.png */,
				D6261AEB18EC183D0013E1C5 /* checkmark@2x.png */,
				D6261AEC18EC183D0013E1C5 /* x.png */,
				D6261AED18EC183D0013E1C5 /* x@2x.png */,
			);
			path = Images;
			sourceTree = "<group>";
		};
/* End PBXGroup section */

/* Begin PBXNativeTarget section */
		132C464014D26F8C0040EAC7 /* GPSLogger */ = {
			isa = PBXNativeTarget;
			buildConfigurationList = 132C465F14D26F8D0040EAC7 /* Build configuration list for PBXNativeTarget "GPSLogger" */;
			buildPhases = (
				7983325C4CBE4FBC97318CC7 /* Check Pods Manifest.lock */,
				132C463D14D26F8C0040EAC7 /* Sources */,
				132C463E14D26F8C0040EAC7 /* Frameworks */,
				132C463F14D26F8C0040EAC7 /* Resources */,
				1A81E4AF83A44291B8E295A6 /* Copy Pods Resources */,
			);
			buildRules = (
			);
			dependencies = (
			);
			name = GPSLogger;
			productName = GPSLogger;
			productReference = 132C464114D26F8C0040EAC7 /* GPSLogger.app */;
			productType = "com.apple.product-type.application";
		};
/* End PBXNativeTarget section */

/* Begin PBXProject section */
		132C463814D26F8C0040EAC7 /* Project object */ = {
			isa = PBXProject;
			attributes = {
				LastUpgradeCheck = 0510;
				TargetAttributes = {
					132C464014D26F8C0040EAC7 = {
						DevelopmentTeam = CRYDBENHJU;
					};
				};
			};
			buildConfigurationList = 132C463B14D26F8C0040EAC7 /* Build configuration list for PBXProject "GPSLogger" */;
			compatibilityVersion = "Xcode 3.2";
			developmentRegion = English;
			hasScannedForEncodings = 0;
			knownRegions = (
				en,
				"zh-Hans",
				"ro-RO",
				de,
			);
			mainGroup = 132C463614D26F8C0040EAC7;
			productRefGroup = 132C464214D26F8C0040EAC7 /* Products */;
			projectDirPath = "";
			projectRoot = "";
			targets = (
				132C464014D26F8C0040EAC7 /* GPSLogger */,
			);
		};
/* End PBXProject section */

/* Begin PBXResourcesBuildPhase section */
		132C463F14D26F8C0040EAC7 /* Resources */ = {
			isa = PBXResourcesBuildPhase;
			buildActionMask = 2147483647;
			files = (
				132C465014D26F8C0040EAC7 /* InfoPlist.strings in Resources */,
				D62AE147190A402A0031D90E /* map@2x.png in Resources */,
				D6261AF118EC183D0013E1C5 /* x@2x.png in Resources */,
				D62AE146190A402A0031D90E /* map.png in Resources */,
				D621307F18E2CA400061A10A /* Localizable.strings in Resources */,
				D62AE145190A402A0031D90E /* detail@2x.png in Resources */,
				D6261AF018EC183D0013E1C5 /* x.png in Resources */,
				D6261AEE18EC183D0013E1C5 /* checkmark.png in Resources */,
				132C465914D26F8D0040EAC7 /* MainStoryboard.storyboard in Resources */,
				D62619A818EAD7970013E1C5 /* Images.xcassets in Resources */,
				D6261AEF18EC183D0013E1C5 /* checkmark@2x.png in Resources */,
				D62AE144190A402A0031D90E /* detail.png in Resources */,
			);
			runOnlyForDeploymentPostprocessing = 0;
		};
/* End PBXResourcesBuildPhase section */

/* Begin PBXShellScriptBuildPhase section */
		1A81E4AF83A44291B8E295A6 /* Copy Pods Resources */ = {
			isa = PBXShellScriptBuildPhase;
			buildActionMask = 2147483647;
			files = (
			);
			inputPaths = (
			);
			name = "Copy Pods Resources";
			outputPaths = (
			);
			runOnlyForDeploymentPostprocessing = 0;
			shellPath = /bin/sh;
			shellScript = "\"${SRCROOT}/Pods/Pods-resources.sh\"\n";
			showEnvVarsInLog = 0;
		};
		7983325C4CBE4FBC97318CC7 /* Check Pods Manifest.lock */ = {
			isa = PBXShellScriptBuildPhase;
			buildActionMask = 2147483647;
			files = (
			);
			inputPaths = (
			);
			name = "Check Pods Manifest.lock";
			outputPaths = (
			);
			runOnlyForDeploymentPostprocessing = 0;
			shellPath = /bin/sh;
			shellScript = "diff \"${PODS_ROOT}/../Podfile.lock\" \"${PODS_ROOT}/Manifest.lock\" > /dev/null\nif [[ $? != 0 ]] ; then\n    cat << EOM\nerror: The sandbox is not in sync with the Podfile.lock. Run 'pod install' or update your CocoaPods installation.\nEOM\n    exit 1\nfi\n";
			showEnvVarsInLog = 0;
		};
/* End PBXShellScriptBuildPhase section */

/* Begin PBXSourcesBuildPhase section */
		132C463D14D26F8C0040EAC7 /* Sources */ = {
			isa = PBXSourcesBuildPhase;
			buildActionMask = 2147483647;
			files = (
				D61BDD6318D1AA2B007075CA /* GPXAuthor.m in Sources */,
				D61BDD7318D1AA2B007075CA /* GPXTrack.m in Sources */,
				D61BDD7218D1AA2B007075CA /* GPXRoutePoint.m in Sources */,
				D61BDD6E18D1AA2B007075CA /* GPXPoint.m in Sources */,
				D61BDD7118D1AA2B007075CA /* GPXRoute.m in Sources */,
				132C465214D26F8C0040EAC7 /* main.m in Sources */,
				132C465614D26F8C0040EAC7 /* AppDelegate.m in Sources */,
				D61BDD6418D1AA2B007075CA /* GPXBounds.m in Sources */,
				D61BDD6518D1AA2B007075CA /* GPXConst.m in Sources */,
				132C466C14D270ED0040EAC7 /* LogsViewController.m in Sources */,
				132C466F14D270FA0040EAC7 /* MapViewController.m in Sources */,
				132C467214D271F30040EAC7 /* Model.xcdatamodeld in Sources */,
				D61BDD6618D1AA2B007075CA /* GPXCopyright.m in Sources */,
				D61BDD6F18D1AA2B007075CA /* GPXPointSegment.m in Sources */,
				D61BDD6A18D1AA2B007075CA /* GPXLink.m in Sources */,
				D61BDD7818D1AA2B007075CA /* GPXXML.m in Sources */,
				D61BDD6918D1AA2B007075CA /* GPXExtensions.m in Sources */,
				D61BDD7418D1AA2B007075CA /* GPXTrackPoint.m in Sources */,
				D62AE1381909F7AC0031D90E /* LogTabBarController.m in Sources */,
				D62AE13B190A08920031D90E /* DetailViewController.m in Sources */,
				D61BDD6C18D1AA2B007075CA /* GPXParser.m in Sources */,
				D61BDD7018D1AA2B007075CA /* GPXRoot.m in Sources */,
				D61BDD6B18D1AA2B007075CA /* GPXMetadata.m in Sources */,
				D61BDD7618D1AA2B007075CA /* GPXType.m in Sources */,
				D61BDD7718D1AA2B007075CA /* GPXWaypoint.m in Sources */,
				D66992DD19235AF50046F95A /* PhotoViewController.m in Sources */,
				D61BDD6D18D1AA2B007075CA /* GPXPerson.m in Sources */,
				D61BDD6818D1AA2B007075CA /* GPXEmail.m in Sources */,
				D61BDD6718D1AA2B007075CA /* GPXElement.m in Sources */,
				D61BDD7518D1AA2B007075CA /* GPXTrackSegment.m in Sources */,
				132C46DD14D273F10040EAC7 /* Track.m in Sources */,
				132C46E014D273F20040EAC7 /* TrackPoint.m in Sources */,
			);
			runOnlyForDeploymentPostprocessing = 0;
		};
/* End PBXSourcesBuildPhase section */

/* Begin PBXVariantGroup section */
		132C464E14D26F8C0040EAC7 /* InfoPlist.strings */ = {
			isa = PBXVariantGroup;
			children = (
				132C464F14D26F8C0040EAC7 /* en */,
				D621308318E2CE7D0061A10A /* zh-Hans */,
				D6D6DE851962875A004DA8C4 /* ro-RO */,
				D6D6DE8819628763004DA8C4 /* de */,
			);
			name = InfoPlist.strings;
			sourceTree = "<group>";
		};
		132C465714D26F8D0040EAC7 /* MainStoryboard.storyboard */ = {
			isa = PBXVariantGroup;
			children = (
				132C465814D26F8D0040EAC7 /* en */,
				D62AE148190A43E60031D90E /* zh-Hans */,
				D6D6DE8419628759004DA8C4 /* ro-RO */,
				D6D6DE8719628763004DA8C4 /* de */,
			);
			name = MainStoryboard.storyboard;
			sourceTree = "<group>";
		};
		D621308118E2CA400061A10A /* Localizable.strings */ = {
			isa = PBXVariantGroup;
			children = (
				D621308018E2CA400061A10A /* en */,
				D621308418E2CE7D0061A10A /* zh-Hans */,
				D6D6DE861962875A004DA8C4 /* ro-RO */,
				D6D6DE8919628763004DA8C4 /* de */,
			);
			name = Localizable.strings;
			sourceTree = "<group>";
		};
/* End PBXVariantGroup section */

/* Begin XCBuildConfiguration section */
		132C465D14D26F8D0040EAC7 /* Debug */ = {
			isa = XCBuildConfiguration;
			buildSettings = {
				ALWAYS_SEARCH_USER_PATHS = NO;
				CLANG_ENABLE_OBJC_ARC = YES;
				CLANG_WARN_BOOL_CONVERSION = YES;
				CLANG_WARN_CONSTANT_CONVERSION = YES;
				CLANG_WARN_EMPTY_BODY = YES;
				CLANG_WARN_ENUM_CONVERSION = YES;
				CLANG_WARN_INT_CONVERSION = YES;
				CLANG_WARN__DUPLICATE_METHOD_MATCH = YES;
				"CODE_SIGN_IDENTITY[sdk=iphoneos*]" = "iPhone Developer";
				COPY_PHASE_STRIP = NO;
				GCC_C_LANGUAGE_STANDARD = gnu99;
				GCC_DYNAMIC_NO_PIC = NO;
				GCC_OPTIMIZATION_LEVEL = 0;
				GCC_PREPROCESSOR_DEFINITIONS = (
					"DEBUG=1",
					"$(inherited)",
				);
				GCC_SYMBOLS_PRIVATE_EXTERN = NO;
				GCC_VERSION = com.apple.compilers.llvm.clang.1_0;
				GCC_WARN_64_TO_32_BIT_CONVERSION = YES;
				GCC_WARN_ABOUT_MISSING_PROTOTYPES = YES;
				GCC_WARN_ABOUT_RETURN_TYPE = YES;
				GCC_WARN_UNDECLARED_SELECTOR = YES;
				GCC_WARN_UNINITIALIZED_AUTOS = YES;
				GCC_WARN_UNUSED_FUNCTION = YES;
				GCC_WARN_UNUSED_VARIABLE = YES;
				IPHONEOS_DEPLOYMENT_TARGET = 5.0;
				ONLY_ACTIVE_ARCH = YES;
				SDKROOT = iphoneos;
			};
			name = Debug;
		};
		132C465E14D26F8D0040EAC7 /* Release */ = {
			isa = XCBuildConfiguration;
			buildSettings = {
				ALWAYS_SEARCH_USER_PATHS = NO;
				CLANG_ENABLE_OBJC_ARC = YES;
				CLANG_WARN_BOOL_CONVERSION = YES;
				CLANG_WARN_CONSTANT_CONVERSION = YES;
				CLANG_WARN_EMPTY_BODY = YES;
				CLANG_WARN_ENUM_CONVERSION = YES;
				CLANG_WARN_INT_CONVERSION = YES;
				CLANG_WARN__DUPLICATE_METHOD_MATCH = YES;
				"CODE_SIGN_IDENTITY[sdk=iphoneos*]" = "iPhone Developer";
				COPY_PHASE_STRIP = YES;
				GCC_C_LANGUAGE_STANDARD = gnu99;
				GCC_VERSION = com.apple.compilers.llvm.clang.1_0;
				GCC_WARN_64_TO_32_BIT_CONVERSION = YES;
				GCC_WARN_ABOUT_MISSING_PROTOTYPES = YES;
				GCC_WARN_ABOUT_RETURN_TYPE = YES;
				GCC_WARN_UNDECLARED_SELECTOR = YES;
				GCC_WARN_UNINITIALIZED_AUTOS = YES;
				GCC_WARN_UNUSED_FUNCTION = YES;
				GCC_WARN_UNUSED_VARIABLE = YES;
				IPHONEOS_DEPLOYMENT_TARGET = 5.0;
				OTHER_CFLAGS = "-DNS_BLOCK_ASSERTIONS=1";
				SDKROOT = iphoneos;
				VALIDATE_PRODUCT = YES;
			};
			name = Release;
		};
		132C466014D26F8D0040EAC7 /* Debug */ = {
			isa = XCBuildConfiguration;
			baseConfigurationReference = 9C84C8BFCB6343869A3D38AA /* Pods.xcconfig */;
			buildSettings = {
				ASSETCATALOG_COMPILER_APPICON_NAME = AppIcon;
				ASSETCATALOG_COMPILER_LAUNCHIMAGE_NAME = LaunchImage;
				CLANG_ENABLE_OBJC_ARC = YES;
				CODE_SIGN_IDENTITY = "iPhone Developer";
				"CODE_SIGN_IDENTITY[sdk=iphoneos*]" = "iPhone Developer";
				FRAMEWORK_SEARCH_PATHS = (
					"$(inherited)",
					"\"$(SRCROOT)\"",
				);
				GCC_PRECOMPILE_PREFIX_HEADER = YES;
				GCC_PREFIX_HEADER = "GPSLogger/GPSLogger-Prefix.pch";
				INFOPLIST_FILE = "GPSLogger/GPSLogger-Info.plist";
				IPHONEOS_DEPLOYMENT_TARGET = 7.0;
				LIBRARY_SEARCH_PATHS = (
					"$(inherited)",
					"$(PROJECT_DIR)/Pods/MapBox/Proj4",
				);
				OTHER_LDFLAGS = "-all_load";
				PRODUCT_NAME = "$(TARGET_NAME)";
				PROVISIONING_PROFILE = "";
				WRAPPER_EXTENSION = app;
			};
			name = Debug;
		};
		132C466114D26F8D0040EAC7 /* Release */ = {
			isa = XCBuildConfiguration;
			baseConfigurationReference = 9C84C8BFCB6343869A3D38AA /* Pods.xcconfig */;
			buildSettings = {
				ASSETCATALOG_COMPILER_APPICON_NAME = AppIcon;
				ASSETCATALOG_COMPILER_LAUNCHIMAGE_NAME = LaunchImage;
				CLANG_ENABLE_OBJC_ARC = YES;
				CODE_SIGN_IDENTITY = "iPhone Developer";
				"CODE_SIGN_IDENTITY[sdk=iphoneos*]" = "iPhone Developer";
				FRAMEWORK_SEARCH_PATHS = (
					"$(inherited)",
					"\"$(SRCROOT)\"",
				);
				GCC_PRECOMPILE_PREFIX_HEADER = YES;
				GCC_PREFIX_HEADER = "GPSLogger/GPSLogger-Prefix.pch";
				INFOPLIST_FILE = "GPSLogger/GPSLogger-Info.plist";
				IPHONEOS_DEPLOYMENT_TARGET = 7.0;
				LIBRARY_SEARCH_PATHS = (
					"$(inherited)",
					"$(PROJECT_DIR)/Pods/MapBox/Proj4",
				);
				OTHER_LDFLAGS = "-all_load";
				PRODUCT_NAME = "$(TARGET_NAME)";
				PROVISIONING_PROFILE = "";
				WRAPPER_EXTENSION = app;
			};
			name = Release;
		};
/* End XCBuildConfiguration section */

/* Begin XCConfigurationList section */
		132C463B14D26F8C0040EAC7 /* Build configuration list for PBXProject "GPSLogger" */ = {
			isa = XCConfigurationList;
			buildConfigurations = (
				132C465D14D26F8D0040EAC7 /* Debug */,
				132C465E14D26F8D0040EAC7 /* Release */,
			);
			defaultConfigurationIsVisible = 0;
			defaultConfigurationName = Release;
		};
		132C465F14D26F8D0040EAC7 /* Build configuration list for PBXNativeTarget "GPSLogger" */ = {
			isa = XCConfigurationList;
			buildConfigurations = (
				132C466014D26F8D0040EAC7 /* Debug */,
				132C466114D26F8D0040EAC7 /* Release */,
			);
			defaultConfigurationIsVisible = 0;
			defaultConfigurationName = Release;
		};
/* End XCConfigurationList section */

/* Begin XCVersionGroup section */
		132C467014D271F30040EAC7 /* Model.xcdatamodeld */ = {
			isa = XCVersionGroup;
			children = (
				132C467114D271F30040EAC7 /* Model.xcdatamodel */,
			);
			currentVersion = 132C467114D271F30040EAC7 /* Model.xcdatamodel */;
			path = Model.xcdatamodeld;
			sourceTree = "<group>";
			versionGroupType = wrapper.xcdatamodel;
		};
/* End XCVersionGroup section */
	};
	rootObject = 132C463814D26F8C0040EAC7 /* Project object */;
}
